github.com/godbus/dbus v4.1.0+incompatible h1:WqqLRTsQic3apZUK9qC5sGNfXthmPXzUZ7nQPrNITa4=
github.com/godbus/dbus/v5 v5.0.3 h1:ZqHaoEF7TBzh4jzPmqVhE/5A1z9of6orkAe5uHoAeME=
github.com/godbus/dbus/v5 v5.0.3/go.mod h1:xhWf0FNVPg57R7Z0UbKHbJfkEywrmjJnf7w5xrFpKfA=
github.com/rasky/go-xdr v0.0.0-20170124162913-1a41d1a06c93 h1:UVArwN/wkKjMVhh2EQGC0tEc1+FqiLlvYXY5mQ2f8Wg=
github.com/rasky/go-xdr v0.0.0-20170124162913-1a41d1a06c93/go.mod h1:Nfe4efndBz4TibWycNE+lqyJZiMX4ycx+QKV8Ta0f/o=
github.com/vmware/go-nfs-client v0.0.0-20190605212624-d43b92724c1b h1:RUrsc0B9xF8iC8WXrva+ULeOwN/X+zqe0FdWcDxPt/M=
github.com/vmware/go-nfs-client v0.0.0-20190605212624-d43b92724c1b/go.mod h1:psQdhrCc+fimC/8/U+PboPiIMcdmKgRdAtcMnhXhjzI=
